# This file is automatically @generated by Cargo.
# It is not intended for manual editing.
version = 4

[[package]]
name = "wikisync-cli"
version = "0.1.0"

[[package]]
name = "wikisync-content"
version = "0.1.0"

[[package]]
name = "wikisync-core"
version = "0.1.0"

[[package]]
name = "wikisync-gui"
version = "0.1.0"

[[package]]
name = "wikisync-integrity"
version = "0.1.0"

[[package]]
name = "wikisync-mediawiki"
version = "0.1.0"

[[package]]
name = "wikisync-search"
version = "0.1.0"

[[package]]
name = "wikisync-store"
version = "0.1.0"

[[package]]
name = "wikisync-sync"
version = "0.1.0"

[[package]]
name = "wikisync-web"
version = "0.1.0"

[[package]]
name = "wikisyncd"
version = "0.1.0"
